
Microsoft Visual Studio Solution File, Format Version 12.00
# Visual Studio Version 17
VisualStudioVersion = 17.3.32811.315
MinimumVisualStudioVersion = 10.0.40219.1
Project("{9A19103F-16F7-4668-BE54-9A1E7A4F7556}") = "EasyRank.Web", "EasyRank.Web\EasyRank.Web.csproj", "{50B184D6-7748-4072-9B4C-EDBFA05AA18A}"
EndProject
Project("{9A19103F-16F7-4668-BE54-9A1E7A4F7556}") = "EasyRank.Infrastructure", "EasyRank.Infrastructure\EasyRank.Infrastructure.csproj", "{936C318D-021A-4EF4-B047-2335763983A3}"
EndProject
Project("{9A19103F-16F7-4668-BE54-9A1E7A4F7556}") = "EasyRank.Services", "EasyRank.Services\EasyRank.Services.csproj", "{B58D68C4-59E1-4393-B0A0-72E02C944135}"
EndProject
Project("{2150E333-8FDC-42A3-9474-1A3956D46DE8}") = "Solution Items", "Solution Items", "{9A49E8BB-7B75-4E89-8C4F-EF98E69B8591}"
	ProjectSection(SolutionItems) = preProject
		stylecop.json = stylecop.json
	EndProjectSection
EndProject
Project("{9A19103F-16F7-4668-BE54-9A1E7A4F7556}") = "EasyRank.Services.UnitTests", "EasyRank.Services.UnitTests\EasyRank.Services.UnitTests.csproj", "{7CF880E4-F223-4154-ADA2-1EC04218749A}"
EndProject
Project("{9A19103F-16F7-4668-BE54-9A1E7A4F7556}") = "EasyRank.Tests.Common", "EasyRank.Tests.Common\EasyRank.Tests.Common.csproj", "{6B297E10-A403-4F0F-9BAA-BF353F1DE2DB}"
EndProject
Global
	GlobalSection(SolutionConfigurationPlatforms) = preSolution
		Debug|Any CPU = Debug|Any CPU
		Release|Any CPU = Release|Any CPU
	EndGlobalSection
	GlobalSection(ProjectConfigurationPlatforms) = postSolution
		{50B184D6-7748-4072-9B4C-EDBFA05AA18A}.Debug|Any CPU.ActiveCfg = Debug|Any CPU
		{50B184D6-7748-4072-9B4C-EDBFA05AA18A}.Debug|Any CPU.Build.0 = Debug|Any CPU
		{50B184D6-7748-4072-9B4C-EDBFA05AA18A}.Release|Any CPU.ActiveCfg = Release|Any CPU
		{50B184D6-7748-4072-9B4C-EDBFA05AA18A}.Release|Any CPU.Build.0 = Release|Any CPU
		{936C318D-021A-4EF4-B047-2335763983A3}.Debug|Any CPU.ActiveCfg = Debug|Any CPU
		{936C318D-021A-4EF4-B047-2335763983A3}.Debug|Any CPU.Build.0 = Debug|Any CPU
		{936C318D-021A-4EF4-B047-2335763983A3}.Release|Any CPU.ActiveCfg = Release|Any CPU
		{936C318D-021A-4EF4-B047-2335763983A3}.Release|Any CPU.Build.0 = Release|Any CPU
		{B58D68C4-59E1-4393-B0A0-72E02C944135}.Debug|Any CPU.ActiveCfg = Debug|Any CPU
		{B58D68C4-59E1-4393-B0A0-72E02C944135}.Debug|Any CPU.Build.0 = Debug|Any CPU
		{B58D68C4-59E1-4393-B0A0-72E02C944135}.Release|Any CPU.ActiveCfg = Release|Any CPU
		{B58D68C4-59E1-4393-B0A0-72E02C944135}.Release|Any CPU.Build.0 = Release|Any CPU
		{7CF880E4-F223-4154-ADA2-1EC04218749A}.Debug|Any CPU.ActiveCfg = Debug|Any CPU
		{7CF880E4-F223-4154-ADA2-1EC04218749A}.Debug|Any CPU.Build.0 = Debug|Any CPU
		{7CF880E4-F223-4154-ADA2-1EC04218749A}.Release|Any CPU.ActiveCfg = Release|Any CPU
		{7CF880E4-F223-4154-ADA2-1EC04218749A}.Release|Any CPU.Build.0 = Release|Any CPU
		{6B297E10-A403-4F0F-9BAA-BF353F1DE2DB}.Debug|Any CPU.ActiveCfg = Debug|Any CPU
		{6B297E10-A403-4F0F-9BAA-BF353F1DE2DB}.Debug|Any CPU.Build.0 = Debug|Any CPU
		{6B297E10-A403-4F0F-9BAA-BF353F1DE2DB}.Release|Any CPU.ActiveCfg = Release|Any CPU
		{6B297E10-A403-4F0F-9BAA-BF353F1DE2DB}.Release|Any CPU.Build.0 = Release|Any CPU
	EndGlobalSection
	GlobalSection(SolutionProperties) = preSolution
		HideSolutionNode = FALSE
	EndGlobalSection
	GlobalSection(ExtensibilityGlobals) = postSolution
		SolutionGuid = {AB8EC28A-1466-4470-93C0-5C372E0323B2}
	EndGlobalSection
EndGlobal
